// !$*UTF8*$!
{
	archiveVersion = 1;
	classes = {
	};
	objectVersion = 56;
	objects = {

/* Begin PBXBuildFile section */
		EB82380E2CD0FBD30069438E /* LandmarksApp.swift in Sources */ = {isa = PBXBuildFile; fileRef = EB82380D2CD0FBD30069438E /* LandmarksApp.swift */; };
		EB8238102CD0FBD30069438E /* ContentView.swift in Sources */ = {isa = PBXBuildFile; fileRef = EB82380F2CD0FBD30069438E /* ContentView.swift */; };
		EB8238122CD0FBDA0069438E /* Assets.xcassets in Resources */ = {isa = PBXBuildFile; fileRef = EB8238112CD0FBDA0069438E /* Assets.xcassets */; };
		EB8238152CD0FBDA0069438E /* Preview Assets.xcassets in Resources */ = {isa = PBXBuildFile; fileRef = EB8238142CD0FBDA0069438E /* Preview Assets.xcassets */; };
		EB82381C2CD102610069438E /* CircleImage.swift in Sources */ = {isa = PBXBuildFile; fileRef = EB82381B2CD102610069438E /* CircleImage.swift */; };
		EB82381E2CD1031D0069438E /* MapView.swift in Sources */ = {isa = PBXBuildFile; fileRef = EB82381D2CD1031D0069438E /* MapView.swift */; };
		EB8238202CD107580069438E /* landmarkData.json in Resources */ = {isa = PBXBuildFile; fileRef = EB82381F2CD107580069438E /* landmarkData.json */; };
		EB8238222CD1077A0069438E /* Landmark.swift in Sources */ = {isa = PBXBuildFile; fileRef = EB8238212CD1077A0069438E /* Landmark.swift */; };
		EB8238242CD108E00069438E /* ModelData.swift in Sources */ = {isa = PBXBuildFile; fileRef = EB8238232CD108E00069438E /* ModelData.swift */; };
		EB82382A2CD10A2A0069438E /* LandmarkRow.swift in Sources */ = {isa = PBXBuildFile; fileRef = EB8238292CD10A2A0069438E /* LandmarkRow.swift */; };
		EB82382C2CD10C6D0069438E /* LandmarkList.swift in Sources */ = {isa = PBXBuildFile; fileRef = EB82382B2CD10C6D0069438E /* LandmarkList.swift */; };
		EBDF4E4C2CD110CE00F95DCE /* LandmarkDetailView.swift in Sources */ = {isa = PBXBuildFile; fileRef = EBDF4E4B2CD110CE00F95DCE /* LandmarkDetailView.swift */; };
		EBDF4E4F2CD125C900F95DCE /* FavoriteButton.swift in Sources */ = {isa = PBXBuildFile; fileRef = EBDF4E4E2CD125C900F95DCE /* FavoriteButton.swift */; };
/* End PBXBuildFile section */

/* Begin PBXFileReference section */
		EB82380A2CD0FBD30069438E /* Landmarks.app */ = {isa = PBXFileReference; explicitFileType = wrapper.application; includeInIndex = 0; path = Landmarks.app; sourceTree = BUILT_PRODUCTS_DIR; };
		EB82380D2CD0FBD30069438E /* LandmarksApp.swift */ = {isa = PBXFileReference; lastKnownFileType = sourcecode.swift; path = LandmarksApp.swift; sourceTree = "<group>"; };
		EB82380F2CD0FBD30069438E /* ContentView.swift */ = {isa = PBXFileReference; lastKnownFileType = sourcecode.swift; path = ContentView.swift; sourceTree = "<group>"; };
		EB8238112CD0FBDA0069438E /* Assets.xcassets */ = {isa = PBXFileReference; lastKnownFileType = folder.assetcatalog; path = Assets.xcassets; sourceTree = "<group>"; };
		EB8238142CD0FBDA0069438E /* Preview Assets.xcassets */ = {isa = PBXFileReference; lastKnownFileType = folder.assetcatalog; path = "Preview Assets.xcassets"; sourceTree = "<group>"; };
		EB82381B2CD102610069438E /* CircleImage.swift */ = {isa = PBXFileReference; lastKnownFileType = sourcecode.swift; path = CircleImage.swift; sourceTree = "<group>"; };
		EB82381D2CD1031D0069438E /* MapView.swift */ = {isa = PBXFileReference; lastKnownFileType = sourcecode.swift; path = MapView.swift; sourceTree = "<group>"; };
		EB82381F2CD107580069438E /* landmarkData.json */ = {isa = PBXFileReference; fileEncoding = 4; lastKnownFileType = text.json; path = landmarkData.json; sourceTree = "<group>"; };
		EB8238212CD1077A0069438E /* Landmark.swift */ = {isa = PBXFileReference; lastKnownFileType = sourcecode.swift; path = Landmark.swift; sourceTree = "<group>"; };
		EB8238232CD108E00069438E /* ModelData.swift */ = {isa = PBXFileReference; lastKnownFileType = sourcecode.swift; path = ModelData.swift; sourceTree = "<group>"; };
		EB8238292CD10A2A0069438E /* LandmarkRow.swift */ = {isa = PBXFileReference; lastKnownFileType = sourcecode.swift; path = LandmarkRow.swift; sourceTree = "<group>"; };
		EB82382B2CD10C6D0069438E /* LandmarkList.swift */ = {isa = PBXFileReference; lastKnownFileType = sourcecode.swift; path = LandmarkList.swift; sourceTree = "<group>"; };
		EBDF4E4B2CD110CE00F95DCE /* LandmarkDetailView.swift */ = {isa = PBXFileReference; lastKnownFileType = sourcecode.swift; path = LandmarkDetailView.swift; sourceTree = "<group>"; };
		EBDF4E4E2CD125C900F95DCE /* FavoriteButton.swift */ = {isa = PBXFileReference; lastKnownFileType = sourcecode.swift; path = FavoriteButton.swift; sourceTree = "<group>"; };
/* End PBXFileReference section */

/* Begin PBXFrameworksBuildPhase section */
		EB8238072CD0FBD30069438E /* Frameworks */ = {
			isa = PBXFrameworksBuildPhase;
			buildActionMask = 2147483647;
			files = (
			);
			runOnlyForDeploymentPostprocessing = 0;
		};
/* End PBXFrameworksBuildPhase section */

/* Begin PBXGroup section */
		EB8238012CD0FBD30069438E = {
			isa = PBXGroup;
			children = (
				EB82380C2CD0FBD30069438E /* Landmarks */,
				EB82380B2CD0FBD30069438E /* Products */,
			);
			sourceTree = "<group>";
		};
		EB82380B2CD0FBD30069438E /* Products */ = {
			isa = PBXGroup;
			children = (
				EB82380A2CD0FBD30069438E /* Landmarks.app */,
			);
			name = Products;
			sourceTree = "<group>";
		};
		EB82380C2CD0FBD30069438E /* Landmarks */ = {
			isa = PBXGroup;
			children = (
				EB8238272CD109C30069438E /* Resources */,
				EB8238262CD109AD0069438E /* Model */,
				EB8238252CD1099B0069438E /* Views */,
				EB82380D2CD0FBD30069438E /* LandmarksApp.swift */,
				EB8238112CD0FBDA0069438E /* Assets.xcassets */,
				EB8238132CD0FBDA0069438E /* Preview Content */,
			);
			path = Landmarks;
			sourceTree = "<group>";
		};
		EB8238132CD0FBDA0069438E /* Preview Content */ = {
			isa = PBXGroup;
			children = (
				EB8238142CD0FBDA0069438E /* Preview Assets.xcassets */,
			);
			path = "Preview Content";
			sourceTree = "<group>";
		};
		EB8238252CD1099B0069438E /* Views */ = {
			isa = PBXGroup;
			children = (
				EBDF4E502CD1268D00F95DCE /* Landmarks */,
				EBDF4E4D2CD125A400F95DCE /* Helpers */,
				EB82380F2CD0FBD30069438E /* ContentView.swift */,
			);
			path = Views;
			sourceTree = "<group>";
		};
		EB8238262CD109AD0069438E /* Model */ = {
			isa = PBXGroup;
			children = (
				EB8238212CD1077A0069438E /* Landmark.swift */,
				EB8238232CD108E00069438E /* ModelData.swift */,
			);
			path = Model;
			sourceTree = "<group>";
		};
		EB8238272CD109C30069438E /* Resources */ = {
			isa = PBXGroup;
			children = (
				EB82381F2CD107580069438E /* landmarkData.json */,
			);
			path = Resources;
			sourceTree = "<group>";
		};
		EBDF4E4D2CD125A400F95DCE /* Helpers */ = {
			isa = PBXGroup;
			children = (
				EB82381B2CD102610069438E /* CircleImage.swift */,
				EB82381D2CD1031D0069438E /* MapView.swift */,
				EBDF4E4E2CD125C900F95DCE /* FavoriteButton.swift */,
			);
			path = Helpers;
			sourceTree = "<group>";
		};
		EBDF4E502CD1268D00F95DCE /* Landmarks */ = {
			isa = PBXGroup;
			children = (
				EB82382B2CD10C6D0069438E /* LandmarkList.swift */,
				EB8238292CD10A2A0069438E /* LandmarkRow.swift */,
				EBDF4E4B2CD110CE00F95DCE /* LandmarkDetailView.swift */,
			);
			path = Landmarks;
			sourceTree = "<group>";
		};
/* End PBXGroup section */

/* Begin PBXNativeTarget section */
		EB8238092CD0FBD30069438E /* Landmarks */ = {
			isa = PBXNativeTarget;
			buildConfigurationList = EB8238182CD0FBDA0069438E /* Build configuration list for PBXNativeTarget "Landmarks" */;
			buildPhases = (
				EB8238062CD0FBD30069438E /* Sources */,
				EB8238072CD0FBD30069438E /* Frameworks */,
				EB8238082CD0FBD30069438E /* Resources */,
			);
			buildRules = (
			);
			dependencies = (
			);
			name = Landmarks;
			productName = Landmarks;
			productReference = EB82380A2CD0FBD30069438E /* Landmarks.app */;
			productType = "com.apple.product-type.application";
		};
/* End PBXNativeTarget section */

/* Begin PBXProject section */
		EB8238022CD0FBD30069438E /* Project object */ = {
			isa = PBXProject;
			attributes = {
				BuildIndependentTargetsInParallel = 1;
				LastSwiftUpdateCheck = 1520;
				LastUpgradeCheck = 1520;
				TargetAttributes = {
					EB8238092CD0FBD30069438E = {
						CreatedOnToolsVersion = 15.2;
					};
				};
			};
			buildConfigurationList = EB8238052CD0FBD30069438E /* Build configuration list for PBXProject "Landmarks" */;
			compatibilityVersion = "Xcode 14.0";
			developmentRegion = en;
			hasScannedForEncodings = 0;
			knownRegions = (
				en,
				Base,
			);
			mainGroup = EB8238012CD0FBD30069438E;
			productRefGroup = EB82380B2CD0FBD30069438E /* Products */;
			projectDirPath = "";
			projectRoot = "";
			targets = (
				EB8238092CD0FBD30069438E /* Landmarks */,
			);
		};
/* End PBXProject section */

/* Begin PBXResourcesBuildPhase section */
		EB8238082CD0FBD30069438E /* Resources */ = {
			isa = PBXResourcesBuildPhase;
			buildActionMask = 2147483647;
			files = (
				EB8238152CD0FBDA0069438E /* Preview Assets.xcassets in Resources */,
				EB8238122CD0FBDA0069438E /* Assets.xcassets in Resources */,
				EB8238202CD107580069438E /* landmarkData.json in Resources */,
			);
			runOnlyForDeploymentPostprocessing = 0;
		};
/* End PBXResourcesBuildPhase section */

/* Begin PBXSourcesBuildPhase section */
		EB8238062CD0FBD30069438E /* Sources */ = {
			isa = PBXSourcesBuildPhase;
			buildActionMask = 2147483647;
			files = (
				EB8238102CD0FBD30069438E /* ContentView.swift in Sources */,
				EB82381E2CD1031D0069438E /* MapView.swift in Sources */,
				EBDF4E4C2CD110CE00F95DCE /* LandmarkDetailView.swift in Sources */,
				EBDF4E4F2CD125C900F95DCE /* FavoriteButton.swift in Sources */,
				EB82380E2CD0FBD30069438E /* LandmarksApp.swift in Sources */,
				EB82382C2CD10C6D0069438E /* LandmarkList.swift in Sources */,
				EB82381C2CD102610069438E /* CircleImage.swift in Sources */,
				EB8238222CD1077A0069438E /* Landmark.swift in Sources */,
				EB82382A2CD10A2A0069438E /* LandmarkRow.swift in Sources */,
				EB8238242CD108E00069438E /* ModelData.swift in Sources */,
			);
			runOnlyForDeploymentPostprocessing = 0;
		};
/* End PBXSourcesBuildPhase section */

/* Begin XCBuildConfiguration section */
		EB8238162CD0FBDA0069438E /* Debug */ = {
			isa = XCBuildConfiguration;
			buildSettings = {
				ALWAYS_SEARCH_USER_PATHS = NO;
				ASSETCATALOG_COMPILER_GENERATE_SWIFT_ASSET_SYMBOL_EXTENSIONS = YES;
				CLANG_ANALYZER_NONNULL = YES;
				CLANG_ANALYZER_NUMBER_OBJECT_CONVERSION = YES_AGGRESSIVE;
				CLANG_CXX_LANGUAGE_STANDARD = "gnu++20";
				CLANG_ENABLE_MODULES = YES;
				CLANG_ENABLE_OBJC_ARC = YES;
				CLANG_ENABLE_OBJC_WEAK = YES;
				CLANG_WARN_BLOCK_CAPTURE_AUTORELEASING = YES;
				CLANG_WARN_BOOL_CONVERSION = YES;
				CLANG_WARN_COMMA = YES;
				CLANG_WARN_CONSTANT_CONVERSION = YES;
				CLANG_WARN_DEPRECATED_OBJC_IMPLEMENTATIONS = YES;
				CLANG_WARN_DIRECT_OBJC_ISA_USAGE = YES_ERROR;
				CLANG_WARN_DOCUMENTATION_COMMENTS = YES;
				CLANG_WARN_EMPTY_BODY = YES;
				CLANG_WARN_ENUM_CONVERSION = YES;
				CLANG_WARN_INFINITE_RECURSION = YES;
				CLANG_WARN_INT_CONVERSION = YES;
				CLANG_WARN_NON_LITERAL_NULL_CONVERSION = YES;
				CLANG_WARN_OBJC_IMPLICIT_RETAIN_SELF = YES;
				CLANG_WARN_OBJC_LITERAL_CONVERSION = YES;
				CLANG_WARN_OBJC_ROOT_CLASS = YES_ERROR;
				CLANG_WARN_QUOTED_INCLUDE_IN_FRAMEWORK_HEADER = YES;
				CLANG_WARN_RANGE_LOOP_ANALYSIS = YES;
				CLANG_WARN_STRICT_PROTOTYPES = YES;
				CLANG_WARN_SUSPICIOUS_MOVE = YES;
				CLANG_WARN_UNGUARDED_AVAILABILITY = YES_AGGRESSIVE;
				CLANG_WARN_UNREACHABLE_CODE = YES;
				CLANG_WARN__DUPLICATE_METHOD_MATCH = YES;
				COPY_PHASE_STRIP = NO;
				DEBUG_INFORMATION_FORMAT = dwarf;
				ENABLE_STRICT_OBJC_MSGSEND = YES;
				ENABLE_TESTABILITY = YES;
				ENABLE_USER_SCRIPT_SANDBOXING = YES;
				GCC_C_LANGUAGE_STANDARD = gnu17;
				GCC_DYNAMIC_NO_PIC = NO;
				GCC_NO_COMMON_BLOCKS = YES;
				GCC_OPTIMIZATION_LEVEL = 0;
				GCC_PREPROCESSOR_DEFINITIONS = (
					"DEBUG=1",
					"$(inherited)",
				);
				GCC_WARN_64_TO_32_BIT_CONVERSION = YES;
				GCC_WARN_ABOUT_RETURN_TYPE = YES_ERROR;
				GCC_WARN_UNDECLARED_SELECTOR = YES;
				GCC_WARN_UNINITIALIZED_AUTOS = YES_AGGRESSIVE;
				GCC_WARN_UNUSED_FUNCTION = YES;
				GCC_WARN_UNUSED_VARIABLE = YES;
				IPHONEOS_DEPLOYMENT_TARGET = 17.2;
				LOCALIZATION_PREFERS_STRING_CATALOGS = YES;
				MTL_ENABLE_DEBUG_INFO = INCLUDE_SOURCE;
				MTL_FAST_MATH = YES;
				ONLY_ACTIVE_ARCH = YES;
				SDKROOT = iphoneos;
				SWIFT_ACTIVE_COMPILATION_CONDITIONS = "DEBUG $(inherited)";
				SWIFT_OPTIMIZATION_LEVEL = "-Onone";
			};
			name = Debug;
		};
		EB8238172CD0FBDA0069438E /* Release */ = {
			isa = XCBuildConfiguration;
			buildSettings = {
				ALWAYS_SEARCH_USER_PATHS = NO;
				ASSETCATALOG_COMPILER_GENERATE_SWIFT_ASSET_SYMBOL_EXTENSIONS = YES;
				CLANG_ANALYZER_NONNULL = YES;
				CLANG_ANALYZER_NUMBER_OBJECT_CONVERSION = YES_AGGRESSIVE;
				CLANG_CXX_LANGUAGE_STANDARD = "gnu++20";
				CLANG_ENABLE_MODULES = YES;
				CLANG_ENABLE_OBJC_ARC = YES;
				CLANG_ENABLE_OBJC_WEAK = YES;
				CLANG_WARN_BLOCK_CAPTURE_AUTORELEASING = YES;
				CLANG_WARN_BOOL_CONVERSION = YES;
				CLANG_WARN_COMMA = YES;
				CLANG_WARN_CONSTANT_CONVERSION = YES;
				CLANG_WARN_DEPRECATED_OBJC_IMPLEMENTATIONS = YES;
				CLANG_WARN_DIRECT_OBJC_ISA_USAGE = YES_ERROR;
				CLANG_WARN_DOCUMENTATION_COMMENTS = YES;
				CLANG_WARN_EMPTY_BODY = YES;
				CLANG_WARN_ENUM_CONVERSION = YES;
				CLANG_WARN_INFINITE_RECURSION = YES;
				CLANG_WARN_INT_CONVERSION = YES;
				CLANG_WARN_NON_LITERAL_NULL_CONVERSION = YES;
				CLANG_WARN_OBJC_IMPLICIT_RETAIN_SELF = YES;
				CLANG_WARN_OBJC_LITERAL_CONVERSION = YES;
				CLANG_WARN_OBJC_ROOT_CLASS = YES_ERROR;
				CLANG_WARN_QUOTED_INCLUDE_IN_FRAMEWORK_HEADER = YES;
				CLANG_WARN_RANGE_LOOP_ANALYSIS = YES;
				CLANG_WARN_STRICT_PROTOTYPES = YES;
				CLANG_WARN_SUSPICIOUS_MOVE = YES;
				CLANG_WARN_UNGUARDED_AVAILABILITY = YES_AGGRESSIVE;
				CLANG_WARN_UNREACHABLE_CODE = YES;
				CLANG_WARN__DUPLICATE_METHOD_MATCH = YES;
				COPY_PHASE_STRIP = NO;
				DEBUG_INFORMATION_FORMAT = "dwarf-with-dsym";
				ENABLE_NS_ASSERTIONS = NO;
				ENABLE_STRICT_OBJC_MSGSEND = YES;
				ENABLE_USER_SCRIPT_SANDBOXING = YES;
				GCC_C_LANGUAGE_STANDARD = gnu17;
				GCC_NO_COMMON_BLOCKS = YES;
				GCC_WARN_64_TO_32_BIT_CONVERSION = YES;
				GCC_WARN_ABOUT_RETURN_TYPE = YES_ERROR;
				GCC_WARN_UNDECLARED_SELECTOR = YES;
				GCC_WARN_UNINITIALIZED_AUTOS = YES_AGGRESSIVE;
				GCC_WARN_UNUSED_FUNCTION = YES;
				GCC_WARN_UNUSED_VARIABLE = YES;
				IPHONEOS_DEPLOYMENT_TARGET = 17.2;
				LOCALIZATION_PREFERS_STRING_CATALOGS = YES;
				MTL_ENABLE_DEBUG_INFO = NO;
				MTL_FAST_MATH = YES;
				SDKROOT = iphoneos;
				SWIFT_COMPILATION_MODE = wholemodule;
				VALIDATE_PRODUCT = YES;
			};
			name = Release;
		};
		EB8238192CD0FBDA0069438E /* Debug */ = {
			isa = XCBuildConfiguration;
			buildSettings = {
				ASSETCATALOG_COMPILER_APPICON_NAME = AppIcon;
				ASSETCATALOG_COMPILER_GLOBAL_ACCENT_COLOR_NAME = AccentColor;
				CODE_SIGN_STYLE = Automatic;
				CURRENT_PROJECT_VERSION = 1;
				DEVELOPMENT_ASSET_PATHS = "\"Landmarks/Preview Content\"";
				ENABLE_PREVIEWS = YES;
				GENERATE_INFOPLIST_FILE = YES;
				INFOPLIST_KEY_UIApplicationSceneManifest_Generation = YES;
				INFOPLIST_KEY_UIApplicationSupportsIndirectInputEvents = YES;
				INFOPLIST_KEY_UILaunchScreen_Generation = YES;
				INFOPLIST_KEY_UISupportedInterfaceOrientations_iPad = "UIInterfaceOrientationPortrait UIInterfaceOrientationPortraitUpsideDown UIInterfaceOrientationLandscapeLeft UIInterfaceOrientationLandscapeRight";
				INFOPLIST_KEY_UISupportedInterfaceOrientations_iPhone = "UIInterfaceOrientationPortrait UIInterfaceOrientationLandscapeLeft UIInterfaceOrientationLandscapeRight";
				LD_RUNPATH_SEARCH_PATHS = (
					"$(inherited)",
					"@executable_path/Frameworks",
				);
				MARKETING_VERSION = 1.0;
				PRODUCT_BUNDLE_IDENTIFIER = com.qdevs.Landmarks;
				PRODUCT_NAME = "$(TARGET_NAME)";
				SWIFT_EMIT_LOC_STRINGS = YES;
				SWIFT_VERSION = 5.0;
				TARGETED_DEVICE_FAMILY = "1,2";
			};
			name = Debug;
		};
		EB82381A2CD0FBDA0069438E /* Release */ = {
			isa = XCBuildConfiguration;
			buildSettings = {
				ASSETCATALOG_COMPILER_APPICON_NAME = AppIcon;
				ASSETCATALOG_COMPILER_GLOBAL_ACCENT_COLOR_NAME = AccentColor;
				CODE_SIGN_STYLE = Automatic;
				CURRENT_PROJECT_VERSION = 1;
				DEVELOPMENT_ASSET_PATHS = "\"Landmarks/Preview Content\"";
				ENABLE_PREVIEWS = YES;
				GENERATE_INFOPLIST_FILE = YES;
				INFOPLIST_KEY_UIApplicationSceneManifest_Generation = YES;
				INFOPLIST_KEY_UIApplicationSupportsIndirectInputEvents = YES;
				INFOPLIST_KEY_UILaunchScreen_Generation = YES;
				INFOPLIST_KEY_UISupportedInterfaceOrientations_iPad = "UIInterfaceOrientationPortrait UIInterfaceOrientationPortraitUpsideDown UIInterfaceOrientationLandscapeLeft UIInterfaceOrientationLandscapeRight";
				INFOPLIST_KEY_UISupportedInterfaceOrientations_iPhone = "UIInterfaceOrientationPortrait UIInterfaceOrientationLandscapeLeft UIInterfaceOrientationLandscapeRight";
				LD_RUNPATH_SEARCH_PATHS = (
					"$(inherited)",
					"@executable_path/Frameworks",
				);
				MARKETING_VERSION = 1.0;
				PRODUCT_BUNDLE_IDENTIFIER = com.qdevs.Landmarks;
				PRODUCT_NAME = "$(TARGET_NAME)";
				SWIFT_EMIT_LOC_STRINGS = YES;
				SWIFT_VERSION = 5.0;
				TARGETED_DEVICE_FAMILY = "1,2";
			};
			name = Release;
		};
/* End XCBuildConfiguration section */

/* Begin XCConfigurationList section */
		EB8238052CD0FBD30069438E /* Build configuration list for PBXProject "Landmarks" */ = {
			isa = XCConfigurationList;
			buildConfigurations = (
				EB8238162CD0FBDA0069438E /* Debug */,
				EB8238172CD0FBDA0069438E /* Release */,
			);
			defaultConfigurationIsVisible = 0;
			defaultConfigurationName = Release;
		};
		EB8238182CD0FBDA0069438E /* Build configuration list for PBXNativeTarget "Landmarks" */ = {
			isa = XCConfigurationList;
			buildConfigurations = (
				EB8238192CD0FBDA0069438E /* Debug */,
				EB82381A2CD0FBDA0069438E /* Release */,
			);
			defaultConfigurationIsVisible = 0;
			defaultConfigurationName = Release;
		};
/* End XCConfigurationList section */
	};
	rootObject = EB8238022CD0FBD30069438E /* Project object */;
}
